
Microsoft Visual Studio Solution File, Format Version 12.00
# Visual Studio Version 16
VisualStudioVersion = 16.0.32228.343
MinimumVisualStudioVersion = 10.0.40219.1
Project("{FAE04EC0-301F-11D3-BF4B-00C04F79EFBC}") = "Servicio_107", "Servicio_107\Servicio_107.csproj", "{21FD9D53-C38A-451E-A178-FD61E1D8CC0B}"
EndProject
Global
	GlobalSection(SolutionConfigurationPlatforms) = preSolution
		Debug|Any CPU = Debug|Any CPU
		Release|Any CPU = Release|Any CPU
	EndGlobalSection
	GlobalSection(ProjectConfigurationPlatforms) = postSolution
		{21FD9D53-C38A-451E-A178-FD61E1D8CC0B}.Debug|Any CPU.ActiveCfg = Debug|Any CPU
		{21FD9D53-C38A-451E-A178-FD61E1D8CC0B}.Debug|Any CPU.Build.0 = Debug|Any CPU
		{21FD9D53-C38A-451E-A178-FD61E1D8CC0B}.Release|Any CPU.ActiveCfg = Release|Any CPU
		{21FD9D53-C38A-451E-A178-FD61E1D8CC0B}.Release|Any CPU.Build.0 = Release|Any CPU
	EndGlobalSection
	GlobalSection(SolutionProperties) = preSolution
		HideSolutionNode = FALSE
	EndGlobalSection
	GlobalSection(ExtensibilityGlobals) = postSolution
		SolutionGuid = {9B4E6BBC-B6E8-489F-B153-850E3F200A19}
	EndGlobalSection
EndGlobal
